
Microsoft Visual Studio Solution File, Format Version 12.00
# Visual Studio Version 17
VisualStudioVersion = 17.1.32407.343
MinimumVisualStudioVersion = 10.0.40219.1
Project("{9A19103F-16F7-4668-BE54-9A1E7A4F7556}") = "IdempotentAPITest", "IdempotentAPITest\IdempotentAPITest.csproj", "{FA6DD362-E0C9-44D9-9BC6-222EE2F2823E}"
EndProject
Global
	GlobalSection(SolutionConfigurationPlatforms) = preSolution
		Debug|Any CPU = Debug|Any CPU
		Release|Any CPU = Release|Any CPU
	EndGlobalSection
	GlobalSection(ProjectConfigurationPlatforms) = postSolution
		{FA6DD362-E0C9-44D9-9BC6-222EE2F2823E}.Debug|Any CPU.ActiveCfg = Debug|Any CPU
		{FA6DD362-E0C9-44D9-9BC6-222EE2F2823E}.Debug|Any CPU.Build.0 = Debug|Any CPU
		{FA6DD362-E0C9-44D9-9BC6-222EE2F2823E}.Release|Any CPU.ActiveCfg = Release|Any CPU
		{FA6DD362-E0C9-44D9-9BC6-222EE2F2823E}.Release|Any CPU.Build.0 = Release|Any CPU
	EndGlobalSection
	GlobalSection(SolutionProperties) = preSolution
		HideSolutionNode = FALSE
	EndGlobalSection
	GlobalSection(ExtensibilityGlobals) = postSolution
		SolutionGuid = {998892EE-FB13-446A-93E5-799780C7EFC2}
	EndGlobalSection
EndGlobal
